
Microsoft Visual Studio Solution File, Format Version 12.00
# Visual Studio 15
VisualStudioVersion = 15.0.28307.168
MinimumVisualStudioVersion = 10.0.40219.1
Project("{8BC9CEB8-8B4A-11D0-8D11-00A0C91BC942}") = "Voice Clicker", "Voice Clicker\Voice Clicker.vcxproj", "{930A2EC8-9014-478F-8E20-0BAA19E5A0DF}"
EndProject
Project("{8BC9CEB8-8B4A-11D0-8D11-00A0C91BC942}") = "PlaybackEngine", "PlaybackEngine\PlaybackEngine.vcxproj", "{8DE68972-A752-4990-9512-A11CB1CD3C5C}"
EndProject
Project("{8BC9CEB8-8B4A-11D0-8D11-00A0C91BC942}") = "Buffer", "Buffer\Buffer.vcxproj", "{5DF1DC90-4EA5-487D-A316-6D5C9FAAF946}"
EndProject
Project("{8BC9CEB8-8B4A-11D0-8D11-00A0C91BC942}") = "InputEngine", "InputEngine\InputEngine.vcxproj", "{CB9E8378-EB25-4BF6-B254-1C6E5B96A7F1}"
EndProject
Project("{8BC9CEB8-8B4A-11D0-8D11-00A0C91BC942}") = "StreamServer", "StreamServer\StreamServer.vcxproj", "{CE4E65D2-F142-4BCF-828D-85F2015B9110}"
EndProject
Project("{8BC9CEB8-8B4A-11D0-8D11-00A0C91BC942}") = "InputEngineServer", "InputEngineServer\InputEngineServer.vcxproj", "{94E5177D-2676-4788-BA4C-E71140EBDE79}"
EndProject
Project("{8BC9CEB8-8B4A-11D0-8D11-00A0C91BC942}") = "mDNS", "mDNS\mDNS.vcxproj", "{B1A6D4BC-20F0-4F40-A286-600B8BC4FB94}"
EndProject
Global
	GlobalSection(SolutionConfigurationPlatforms) = preSolution
		Debug|x64 = Debug|x64
		Debug|x86 = Debug|x86
		Release|x64 = Release|x64
		Release|x86 = Release|x86
	EndGlobalSection
	GlobalSection(ProjectConfigurationPlatforms) = postSolution
		{930A2EC8-9014-478F-8E20-0BAA19E5A0DF}.Debug|x64.ActiveCfg = Debug|x64
		{930A2EC8-9014-478F-8E20-0BAA19E5A0DF}.Debug|x64.Build.0 = Debug|x64
		{930A2EC8-9014-478F-8E20-0BAA19E5A0DF}.Debug|x86.ActiveCfg = Debug|Win32
		{930A2EC8-9014-478F-8E20-0BAA19E5A0DF}.Debug|x86.Build.0 = Debug|Win32
		{930A2EC8-9014-478F-8E20-0BAA19E5A0DF}.Release|x64.ActiveCfg = Release|x64
		{930A2EC8-9014-478F-8E20-0BAA19E5A0DF}.Release|x64.Build.0 = Release|x64
		{930A2EC8-9014-478F-8E20-0BAA19E5A0DF}.Release|x86.ActiveCfg = Release|Win32
		{930A2EC8-9014-478F-8E20-0BAA19E5A0DF}.Release|x86.Build.0 = Release|Win32
		{8DE68972-A752-4990-9512-A11CB1CD3C5C}.Debug|x64.ActiveCfg = Debug|x64
		{8DE68972-A752-4990-9512-A11CB1CD3C5C}.Debug|x64.Build.0 = Debug|x64
		{8DE68972-A752-4990-9512-A11CB1CD3C5C}.Debug|x86.ActiveCfg = Debug|Win32
		{8DE68972-A752-4990-9512-A11CB1CD3C5C}.Debug|x86.Build.0 = Debug|Win32
		{8DE68972-A752-4990-9512-A11CB1CD3C5C}.Release|x64.ActiveCfg = Release|x64
		{8DE68972-A752-4990-9512-A11CB1CD3C5C}.Release|x64.Build.0 = Release|x64
		{8DE68972-A752-4990-9512-A11CB1CD3C5C}.Release|x86.ActiveCfg = Release|Win32
		{8DE68972-A752-4990-9512-A11CB1CD3C5C}.Release|x86.Build.0 = Release|Win32
		{5DF1DC90-4EA5-487D-A316-6D5C9FAAF946}.Debug|x64.ActiveCfg = Debug|x64
		{5DF1DC90-4EA5-487D-A316-6D5C9FAAF946}.Debug|x64.Build.0 = Debug|x64
		{5DF1DC90-4EA5-487D-A316-6D5C9FAAF946}.Debug|x86.ActiveCfg = Debug|Win32
		{5DF1DC90-4EA5-487D-A316-6D5C9FAAF946}.Debug|x86.Build.0 = Debug|Win32
		{5DF1DC90-4EA5-487D-A316-6D5C9FAAF946}.Release|x64.ActiveCfg = Release|x64
		{5DF1DC90-4EA5-487D-A316-6D5C9FAAF946}.Release|x64.Build.0 = Release|x64
		{5DF1DC90-4EA5-487D-A316-6D5C9FAAF946}.Release|x86.ActiveCfg = Release|Win32
		{5DF1DC90-4EA5-487D-A316-6D5C9FAAF946}.Release|x86.Build.0 = Release|Win32
		{CB9E8378-EB25-4BF6-B254-1C6E5B96A7F1}.Debug|x64.ActiveCfg = Debug|x64
		{CB9E8378-EB25-4BF6-B254-1C6E5B96A7F1}.Debug|x64.Build.0 = Debug|x64
		{CB9E8378-EB25-4BF6-B254-1C6E5B96A7F1}.Debug|x86.ActiveCfg = Debug|Win32
		{CB9E8378-EB25-4BF6-B254-1C6E5B96A7F1}.Debug|x86.Build.0 = Debug|Win32
		{CB9E8378-EB25-4BF6-B254-1C6E5B96A7F1}.Release|x64.ActiveCfg = Release|x64
		{CB9E8378-EB25-4BF6-B254-1C6E5B96A7F1}.Release|x64.Build.0 = Release|x64
		{CB9E8378-EB25-4BF6-B254-1C6E5B96A7F1}.Release|x86.ActiveCfg = Release|Win32
		{CB9E8378-EB25-4BF6-B254-1C6E5B96A7F1}.Release|x86.Build.0 = Release|Win32
		{CE4E65D2-F142-4BCF-828D-85F2015B9110}.Debug|x64.ActiveCfg = Debug|x64
		{CE4E65D2-F142-4BCF-828D-85F2015B9110}.Debug|x64.Build.0 = Debug|x64
		{CE4E65D2-F142-4BCF-828D-85F2015B9110}.Debug|x86.ActiveCfg = Debug|Win32
		{CE4E65D2-F142-4BCF-828D-85F2015B9110}.Debug|x86.Build.0 = Debug|Win32
		{CE4E65D2-F142-4BCF-828D-85F2015B9110}.Release|x64.ActiveCfg = Release|x64
		{CE4E65D2-F142-4BCF-828D-85F2015B9110}.Release|x64.Build.0 = Release|x64
		{CE4E65D2-F142-4BCF-828D-85F2015B9110}.Release|x86.ActiveCfg = Release|Win32
		{CE4E65D2-F142-4BCF-828D-85F2015B9110}.Release|x86.Build.0 = Release|Win32
		{94E5177D-2676-4788-BA4C-E71140EBDE79}.Debug|x64.ActiveCfg = Debug|x64
		{94E5177D-2676-4788-BA4C-E71140EBDE79}.Debug|x64.Build.0 = Debug|x64
		{94E5177D-2676-4788-BA4C-E71140EBDE79}.Debug|x86.ActiveCfg = Debug|Win32
		{94E5177D-2676-4788-BA4C-E71140EBDE79}.Debug|x86.Build.0 = Debug|Win32
		{94E5177D-2676-4788-BA4C-E71140EBDE79}.Release|x64.ActiveCfg = Release|x64
		{94E5177D-2676-4788-BA4C-E71140EBDE79}.Release|x64.Build.0 = Release|x64
		{94E5177D-2676-4788-BA4C-E71140EBDE79}.Release|x86.ActiveCfg = Release|Win32
		{94E5177D-2676-4788-BA4C-E71140EBDE79}.Release|x86.Build.0 = Release|Win32
		{B1A6D4BC-20F0-4F40-A286-600B8BC4FB94}.Debug|x64.ActiveCfg = Debug|x64
		{B1A6D4BC-20F0-4F40-A286-600B8BC4FB94}.Debug|x64.Build.0 = Debug|x64
		{B1A6D4BC-20F0-4F40-A286-600B8BC4FB94}.Debug|x86.ActiveCfg = Debug|Win32
		{B1A6D4BC-20F0-4F40-A286-600B8BC4FB94}.Debug|x86.Build.0 = Debug|Win32
		{B1A6D4BC-20F0-4F40-A286-600B8BC4FB94}.Release|x64.ActiveCfg = Release|x64
		{B1A6D4BC-20F0-4F40-A286-600B8BC4FB94}.Release|x64.Build.0 = Release|x64
		{B1A6D4BC-20F0-4F40-A286-600B8BC4FB94}.Release|x86.ActiveCfg = Release|Win32
		{B1A6D4BC-20F0-4F40-A286-600B8BC4FB94}.Release|x86.Build.0 = Release|Win32
	EndGlobalSection
	GlobalSection(SolutionProperties) = preSolution
		HideSolutionNode = FALSE
	EndGlobalSection
	GlobalSection(ExtensibilityGlobals) = postSolution
		SolutionGuid = {1682E668-4210-4C24-BA38-15B1D435A3FB}
	EndGlobalSection
EndGlobal
